
Microsoft Visual Studio Solution File, Format Version 12.00
# Visual Studio Version 16
VisualStudioVersion = 16.0.29728.190
MinimumVisualStudioVersion = 10.0.40219.1
Project("{9A19103F-16F7-4668-BE54-9A1E7A4F7556}") = "Flight Manager", "Flight Manager\Flight Manager.csproj", "{3AB27B2B-E8DB-4EAC-A266-E97DEC10A5E4}"
EndProject
Project("{FAE04EC0-301F-11D3-BF4B-00C04F79EFBC}") = "Data", "Data\Data.csproj", "{21180569-2B25-480A-8114-089D24E0837A}"
EndProject
Global
	GlobalSection(SolutionConfigurationPlatforms) = preSolution
		Debug|Any CPU = Debug|Any CPU
		Release|Any CPU = Release|Any CPU
	EndGlobalSection
	GlobalSection(ProjectConfigurationPlatforms) = postSolution
		{3AB27B2B-E8DB-4EAC-A266-E97DEC10A5E4}.Debug|Any CPU.ActiveCfg = Debug|Any CPU
		{3AB27B2B-E8DB-4EAC-A266-E97DEC10A5E4}.Debug|Any CPU.Build.0 = Debug|Any CPU
		{3AB27B2B-E8DB-4EAC-A266-E97DEC10A5E4}.Release|Any CPU.ActiveCfg = Release|Any CPU
		{3AB27B2B-E8DB-4EAC-A266-E97DEC10A5E4}.Release|Any CPU.Build.0 = Release|Any CPU
		{21180569-2B25-480A-8114-089D24E0837A}.Debug|Any CPU.ActiveCfg = Debug|Any CPU
		{21180569-2B25-480A-8114-089D24E0837A}.Debug|Any CPU.Build.0 = Debug|Any CPU
		{21180569-2B25-480A-8114-089D24E0837A}.Release|Any CPU.ActiveCfg = Release|Any CPU
		{21180569-2B25-480A-8114-089D24E0837A}.Release|Any CPU.Build.0 = Release|Any CPU
	EndGlobalSection
	GlobalSection(SolutionProperties) = preSolution
		HideSolutionNode = FALSE
	EndGlobalSection
	GlobalSection(ExtensibilityGlobals) = postSolution
		SolutionGuid = {76C52664-DE72-467A-84EA-0FCDE1913959}
	EndGlobalSection
EndGlobal
